
Microsoft Visual Studio Solution File, Format Version 12.00
# Visual Studio Version 17
VisualStudioVersion = 17.14.36221.1
MinimumVisualStudioVersion = 10.0.40219.1
Project("{F184B08F-C81C-45F6-A57F-5ABD9991F28F}") = "TrackVideoExporter", "TrackVideoExporter\TrackVideoExporter.vbproj", "{028BF736-F795-4F89-A14B-013993E3B60D}"
EndProject
Project("{F184B08F-C81C-45F6-A57F-5ABD9991F28F}") = "K9TrailsAnalyzer", "K9TrailsAnalyzer\K9TrailsAnalyzer.vbproj", "{088162B6-9D68-3AC3-D6AF-C9A39DDA14D0}"
	ProjectSection(ProjectDependencies) = postProject
		{028BF736-F795-4F89-A14B-013993E3B60D} = {028BF736-F795-4F89-A14B-013993E3B60D}
	EndProjectSection
EndProject
Global
	GlobalSection(SolutionConfigurationPlatforms) = preSolution
		Debug|Any CPU = Debug|Any CPU
		Release|Any CPU = Release|Any CPU
	EndGlobalSection
	GlobalSection(ProjectConfigurationPlatforms) = postSolution
		{028BF736-F795-4F89-A14B-013993E3B60D}.Debug|Any CPU.ActiveCfg = Debug|Any CPU
		{028BF736-F795-4F89-A14B-013993E3B60D}.Debug|Any CPU.Build.0 = Debug|Any CPU
		{028BF736-F795-4F89-A14B-013993E3B60D}.Release|Any CPU.ActiveCfg = Release|Any CPU
		{028BF736-F795-4F89-A14B-013993E3B60D}.Release|Any CPU.Build.0 = Release|Any CPU
		{088162B6-9D68-3AC3-D6AF-C9A39DDA14D0}.Debug|Any CPU.ActiveCfg = Debug|Any CPU
		{088162B6-9D68-3AC3-D6AF-C9A39DDA14D0}.Debug|Any CPU.Build.0 = Debug|Any CPU
		{088162B6-9D68-3AC3-D6AF-C9A39DDA14D0}.Release|Any CPU.ActiveCfg = Release|Any CPU
		{088162B6-9D68-3AC3-D6AF-C9A39DDA14D0}.Release|Any CPU.Build.0 = Release|Any CPU
	EndGlobalSection
	GlobalSection(SolutionProperties) = preSolution
		HideSolutionNode = FALSE
	EndGlobalSection
	GlobalSection(ExtensibilityGlobals) = postSolution
		SolutionGuid = {64F79D45-5F21-43F7-96B6-84DDA8635F03}
	EndGlobalSection
EndGlobal
